
Microsoft Visual Studio Solution File, Format Version 12.00
# Visual Studio Version 17
VisualStudioVersion = 17.3.32901.215
MinimumVisualStudioVersion = 10.0.40219.1
Project("{FAE04EC0-301F-11D3-BF4B-00C04F79EFBC}") = "Client", "Client\Client.csproj", "{1A14216C-5A11-40FF-A554-BB3D10C5B070}"
EndProject
Project("{FAE04EC0-301F-11D3-BF4B-00C04F79EFBC}") = "ClientTester", "ClientTester\ClientTester.csproj", "{4765851B-D634-4B76-AB1A-1600F84864C2}"
EndProject
Global
	GlobalSection(SolutionConfigurationPlatforms) = preSolution
		Debug|Any CPU = Debug|Any CPU
		Release|Any CPU = Release|Any CPU
	EndGlobalSection
	GlobalSection(ProjectConfigurationPlatforms) = postSolution
		{1A14216C-5A11-40FF-A554-BB3D10C5B070}.Debug|Any CPU.ActiveCfg = Debug|Any CPU
		{1A14216C-5A11-40FF-A554-BB3D10C5B070}.Debug|Any CPU.Build.0 = Debug|Any CPU
		{1A14216C-5A11-40FF-A554-BB3D10C5B070}.Release|Any CPU.ActiveCfg = Release|Any CPU
		{1A14216C-5A11-40FF-A554-BB3D10C5B070}.Release|Any CPU.Build.0 = Release|Any CPU
		{4765851B-D634-4B76-AB1A-1600F84864C2}.Debug|Any CPU.ActiveCfg = Debug|Any CPU
		{4765851B-D634-4B76-AB1A-1600F84864C2}.Debug|Any CPU.Build.0 = Debug|Any CPU
		{4765851B-D634-4B76-AB1A-1600F84864C2}.Release|Any CPU.ActiveCfg = Release|Any CPU
		{4765851B-D634-4B76-AB1A-1600F84864C2}.Release|Any CPU.Build.0 = Release|Any CPU
	EndGlobalSection
	GlobalSection(SolutionProperties) = preSolution
		HideSolutionNode = FALSE
	EndGlobalSection
	GlobalSection(ExtensibilityGlobals) = postSolution
		SolutionGuid = {8B5B6531-0D34-411A-B12A-1C39ACAD602E}
	EndGlobalSection
EndGlobal
